
Microsoft Visual Studio Solution File, Format Version 12.00
# Visual Studio 15
VisualStudioVersion = 15.0.27428.2043
MinimumVisualStudioVersion = 10.0.40219.1
Project("{FAE04EC0-301F-11D3-BF4B-00C04F79EFBC}") = "string_concatenator_test", "string_concatenator_test\string_concatenator_test.csproj", "{410E5FFD-7C63-4FB4-A24A-C7FF1519FB61}"
EndProject
Project("{FAE04EC0-301F-11D3-BF4B-00C04F79EFBC}") = "string_concat", "string_concat\string_concat.csproj", "{01E6543E-748C-4695-A1F1-2BBAF53B933F}"
EndProject
Global
	GlobalSection(SolutionConfigurationPlatforms) = preSolution
		Debug|Any CPU = Debug|Any CPU
		Release|Any CPU = Release|Any CPU
	EndGlobalSection
	GlobalSection(ProjectConfigurationPlatforms) = postSolution
		{410E5FFD-7C63-4FB4-A24A-C7FF1519FB61}.Debug|Any CPU.ActiveCfg = Debug|Any CPU
		{410E5FFD-7C63-4FB4-A24A-C7FF1519FB61}.Debug|Any CPU.Build.0 = Debug|Any CPU
		{410E5FFD-7C63-4FB4-A24A-C7FF1519FB61}.Release|Any CPU.ActiveCfg = Release|Any CPU
		{410E5FFD-7C63-4FB4-A24A-C7FF1519FB61}.Release|Any CPU.Build.0 = Release|Any CPU
		{01E6543E-748C-4695-A1F1-2BBAF53B933F}.Debug|Any CPU.ActiveCfg = Debug|Any CPU
		{01E6543E-748C-4695-A1F1-2BBAF53B933F}.Debug|Any CPU.Build.0 = Debug|Any CPU
		{01E6543E-748C-4695-A1F1-2BBAF53B933F}.Release|Any CPU.ActiveCfg = Release|Any CPU
		{01E6543E-748C-4695-A1F1-2BBAF53B933F}.Release|Any CPU.Build.0 = Release|Any CPU
	EndGlobalSection
	GlobalSection(SolutionProperties) = preSolution
		HideSolutionNode = FALSE
	EndGlobalSection
	GlobalSection(ExtensibilityGlobals) = postSolution
		SolutionGuid = {708FF0B9-A347-4B0F-8344-D766973A2E33}
	EndGlobalSection
EndGlobal
